
Microsoft Visual Studio Solution File, Format Version 12.00
# Visual Studio Version 17
VisualStudioVersion = 17.7.34031.279
MinimumVisualStudioVersion = 10.0.40219.1
Project("{FAE04EC0-301F-11D3-BF4B-00C04F79EFBC}") = "CSharpIntermedio.Programa_4", "CSharpIntermedio.Programa_4\CSharpIntermedio.Programa_4.csproj", "{D86B01D3-48E1-42B9-B015-5EDE7F337549}"
EndProject
Global
	GlobalSection(SolutionConfigurationPlatforms) = preSolution
		Debug|Any CPU = Debug|Any CPU
		Release|Any CPU = Release|Any CPU
	EndGlobalSection
	GlobalSection(ProjectConfigurationPlatforms) = postSolution
		{D86B01D3-48E1-42B9-B015-5EDE7F337549}.Debug|Any CPU.ActiveCfg = Debug|Any CPU
		{D86B01D3-48E1-42B9-B015-5EDE7F337549}.Debug|Any CPU.Build.0 = Debug|Any CPU
		{D86B01D3-48E1-42B9-B015-5EDE7F337549}.Release|Any CPU.ActiveCfg = Release|Any CPU
		{D86B01D3-48E1-42B9-B015-5EDE7F337549}.Release|Any CPU.Build.0 = Release|Any CPU
	EndGlobalSection
	GlobalSection(SolutionProperties) = preSolution
		HideSolutionNode = FALSE
	EndGlobalSection
	GlobalSection(ExtensibilityGlobals) = postSolution
		SolutionGuid = {A16A7156-06C2-4B4B-8041-CF39CE98EBA8}
	EndGlobalSection
EndGlobal
